
Microsoft Visual Studio Solution File, Format Version 12.00
# Visual Studio 15
VisualStudioVersion = 15.0.26124.0
MinimumVisualStudioVersion = 15.0.26124.0
Project("{FAE04EC0-301F-11D3-BF4B-00C04F79EFBC}") = "library", "library\library.csproj", "{5571705A-9023-458D-8DC4-44C35696E050}"
EndProject
Project("{FAE04EC0-301F-11D3-BF4B-00C04F79EFBC}") = "test-library", "test-library\test-library.csproj", "{5D248BED-30F9-4F5E-9C8C-EF3C94F680A8}"
EndProject
Project("{FAE04EC0-301F-11D3-BF4B-00C04F79EFBC}") = "app", "app\app.csproj", "{81B7383B-FE8D-4DD0-B408-0E301132A8BF}"
EndProject
Global
	GlobalSection(SolutionConfigurationPlatforms) = preSolution
		Debug|Any CPU = Debug|Any CPU
		Debug|x64 = Debug|x64
		Debug|x86 = Debug|x86
		Release|Any CPU = Release|Any CPU
		Release|x64 = Release|x64
		Release|x86 = Release|x86
	EndGlobalSection
	GlobalSection(SolutionProperties) = preSolution
		HideSolutionNode = FALSE
	EndGlobalSection
	GlobalSection(ProjectConfigurationPlatforms) = postSolution
		{5571705A-9023-458D-8DC4-44C35696E050}.Debug|Any CPU.ActiveCfg = Debug|Any CPU
		{5571705A-9023-458D-8DC4-44C35696E050}.Debug|Any CPU.Build.0 = Debug|Any CPU
		{5571705A-9023-458D-8DC4-44C35696E050}.Debug|x64.ActiveCfg = Debug|Any CPU
		{5571705A-9023-458D-8DC4-44C35696E050}.Debug|x64.Build.0 = Debug|Any CPU
		{5571705A-9023-458D-8DC4-44C35696E050}.Debug|x86.ActiveCfg = Debug|Any CPU
		{5571705A-9023-458D-8DC4-44C35696E050}.Debug|x86.Build.0 = Debug|Any CPU
		{5571705A-9023-458D-8DC4-44C35696E050}.Release|Any CPU.ActiveCfg = Release|Any CPU
		{5571705A-9023-458D-8DC4-44C35696E050}.Release|Any CPU.Build.0 = Release|Any CPU
		{5571705A-9023-458D-8DC4-44C35696E050}.Release|x64.ActiveCfg = Release|Any CPU
		{5571705A-9023-458D-8DC4-44C35696E050}.Release|x64.Build.0 = Release|Any CPU
		{5571705A-9023-458D-8DC4-44C35696E050}.Release|x86.ActiveCfg = Release|Any CPU
		{5571705A-9023-458D-8DC4-44C35696E050}.Release|x86.Build.0 = Release|Any CPU
		{5D248BED-30F9-4F5E-9C8C-EF3C94F680A8}.Debug|Any CPU.ActiveCfg = Debug|Any CPU
		{5D248BED-30F9-4F5E-9C8C-EF3C94F680A8}.Debug|Any CPU.Build.0 = Debug|Any CPU
		{5D248BED-30F9-4F5E-9C8C-EF3C94F680A8}.Debug|x64.ActiveCfg = Debug|Any CPU
		{5D248BED-30F9-4F5E-9C8C-EF3C94F680A8}.Debug|x64.Build.0 = Debug|Any CPU
		{5D248BED-30F9-4F5E-9C8C-EF3C94F680A8}.Debug|x86.ActiveCfg = Debug|Any CPU
		{5D248BED-30F9-4F5E-9C8C-EF3C94F680A8}.Debug|x86.Build.0 = Debug|Any CPU
		{5D248BED-30F9-4F5E-9C8C-EF3C94F680A8}.Release|Any CPU.ActiveCfg = Release|Any CPU
		{5D248BED-30F9-4F5E-9C8C-EF3C94F680A8}.Release|Any CPU.Build.0 = Release|Any CPU
		{5D248BED-30F9-4F5E-9C8C-EF3C94F680A8}.Release|x64.ActiveCfg = Release|Any CPU
		{5D248BED-30F9-4F5E-9C8C-EF3C94F680A8}.Release|x64.Build.0 = Release|Any CPU
		{5D248BED-30F9-4F5E-9C8C-EF3C94F680A8}.Release|x86.ActiveCfg = Release|Any CPU
		{5D248BED-30F9-4F5E-9C8C-EF3C94F680A8}.Release|x86.Build.0 = Release|Any CPU
		{81B7383B-FE8D-4DD0-B408-0E301132A8BF}.Debug|Any CPU.ActiveCfg = Debug|Any CPU
		{81B7383B-FE8D-4DD0-B408-0E301132A8BF}.Debug|Any CPU.Build.0 = Debug|Any CPU
		{81B7383B-FE8D-4DD0-B408-0E301132A8BF}.Debug|x64.ActiveCfg = Debug|Any CPU
		{81B7383B-FE8D-4DD0-B408-0E301132A8BF}.Debug|x64.Build.0 = Debug|Any CPU
		{81B7383B-FE8D-4DD0-B408-0E301132A8BF}.Debug|x86.ActiveCfg = Debug|Any CPU
		{81B7383B-FE8D-4DD0-B408-0E301132A8BF}.Debug|x86.Build.0 = Debug|Any CPU
		{81B7383B-FE8D-4DD0-B408-0E301132A8BF}.Release|Any CPU.ActiveCfg = Release|Any CPU
		{81B7383B-FE8D-4DD0-B408-0E301132A8BF}.Release|Any CPU.Build.0 = Release|Any CPU
		{81B7383B-FE8D-4DD0-B408-0E301132A8BF}.Release|x64.ActiveCfg = Release|Any CPU
		{81B7383B-FE8D-4DD0-B408-0E301132A8BF}.Release|x64.Build.0 = Release|Any CPU
		{81B7383B-FE8D-4DD0-B408-0E301132A8BF}.Release|x86.ActiveCfg = Release|Any CPU
		{81B7383B-FE8D-4DD0-B408-0E301132A8BF}.Release|x86.Build.0 = Release|Any CPU
	EndGlobalSection
EndGlobal
